
Microsoft Visual Studio Solution File, Format Version 12.00
# Visual Studio 11
Project("{8BC9CEB8-8B4A-11D0-8D11-00A0C91BC942}") = "First Test App - Morse Code", "First Test App - Morse Code\First Test App - Morse Code.vcxproj", "{E46B2D30-12BC-6DD7-4A7A-5D681EEEDA10}"
EndProject
Global
	GlobalSection(SolutionConfigurationPlatforms) = preSolution
		Debug|Win32 = Debug|Win32
		Release|Win32 = Release|Win32
	EndGlobalSection
	GlobalSection(ProjectConfigurationPlatforms) = postSolution
		{E46B2D30-12BC-6DD7-4A7A-5D681EEEDA10}.Debug|Win32.ActiveCfg = Debug|Win32
		{E46B2D30-12BC-6DD7-4A7A-5D681EEEDA10}.Debug|Win32.Build.0 = Debug|Win32
		{E46B2D30-12BC-6DD7-4A7A-5D681EEEDA10}.Release|Win32.ActiveCfg = Release|Win32
		{E46B2D30-12BC-6DD7-4A7A-5D681EEEDA10}.Release|Win32.Build.0 = Release|Win32
	EndGlobalSection
	GlobalSection(SolutionProperties) = preSolution
		HideSolutionNode = FALSE
	EndGlobalSection
EndGlobal
